
Microsoft Visual Studio Solution File, Format Version 12.00
# Visual Studio Version 17
VisualStudioVersion = 17.13.35825.156 d17.13
MinimumVisualStudioVersion = 10.0.40219.1
Project("{FAE04EC0-301F-11D3-BF4B-00C04F79EFBC}") = "CurrencyConverter_Static", "CurrencyConverter_Static.csproj", "{1251B111-390C-42DF-BD89-2B9DF0AC559C}"
EndProject
Global
	GlobalSection(SolutionConfigurationPlatforms) = preSolution
		Debug|Any CPU = Debug|Any CPU
		Release|Any CPU = Release|Any CPU
	EndGlobalSection
	GlobalSection(ProjectConfigurationPlatforms) = postSolution
		{1251B111-390C-42DF-BD89-2B9DF0AC559C}.Debug|Any CPU.ActiveCfg = Debug|Any CPU
		{1251B111-390C-42DF-BD89-2B9DF0AC559C}.Debug|Any CPU.Build.0 = Debug|Any CPU
		{1251B111-390C-42DF-BD89-2B9DF0AC559C}.Release|Any CPU.ActiveCfg = Release|Any CPU
		{1251B111-390C-42DF-BD89-2B9DF0AC559C}.Release|Any CPU.Build.0 = Release|Any CPU
	EndGlobalSection
	GlobalSection(SolutionProperties) = preSolution
		HideSolutionNode = FALSE
	EndGlobalSection
	GlobalSection(ExtensibilityGlobals) = postSolution
		SolutionGuid = {C0A17C5B-53E8-4AC6-A1DD-02F91E8289A3}
	EndGlobalSection
EndGlobal
