
Microsoft Visual Studio Solution File, Format Version 12.00
# Visual Studio Version 17
VisualStudioVersion = 17.13.35825.156
MinimumVisualStudioVersion = 10.0.40219.1
Project("{FAE04EC0-301F-11D3-BF4B-00C04F79EFBC}") = "DataBinding", "DataBinding.csproj", "{1C52CAF8-5EC8-41C0-AA69-D6DE46408235}"
EndProject
Global
	GlobalSection(SolutionConfigurationPlatforms) = preSolution
		Debug|Any CPU = Debug|Any CPU
		Release|Any CPU = Release|Any CPU
	EndGlobalSection
	GlobalSection(ProjectConfigurationPlatforms) = postSolution
		{1C52CAF8-5EC8-41C0-AA69-D6DE46408235}.Debug|Any CPU.ActiveCfg = Debug|Any CPU
		{1C52CAF8-5EC8-41C0-AA69-D6DE46408235}.Debug|Any CPU.Build.0 = Debug|Any CPU
		{1C52CAF8-5EC8-41C0-AA69-D6DE46408235}.Release|Any CPU.ActiveCfg = Release|Any CPU
		{1C52CAF8-5EC8-41C0-AA69-D6DE46408235}.Release|Any CPU.Build.0 = Release|Any CPU
	EndGlobalSection
	GlobalSection(SolutionProperties) = preSolution
		HideSolutionNode = FALSE
	EndGlobalSection
	GlobalSection(ExtensibilityGlobals) = postSolution
		SolutionGuid = {4C31E07C-14FA-4952-9523-982D0FFCF983}
	EndGlobalSection
EndGlobal
