
Microsoft Visual Studio Solution File, Format Version 12.00
# Visual Studio Version 17
VisualStudioVersion = 17.9.34723.18
MinimumVisualStudioVersion = 10.0.40219.1
Project("{FAE04EC0-301F-11D3-BF4B-00C04F79EFBC}") = "Simple_calculator", "Simple_calculator.csproj", "{1128AFE3-81B5-41AD-B992-7F5348D0FD29}"
EndProject
Global
	GlobalSection(SolutionConfigurationPlatforms) = preSolution
		Debug|Any CPU = Debug|Any CPU
		Release|Any CPU = Release|Any CPU
	EndGlobalSection
	GlobalSection(ProjectConfigurationPlatforms) = postSolution
		{1128AFE3-81B5-41AD-B992-7F5348D0FD29}.Debug|Any CPU.ActiveCfg = Debug|Any CPU
		{1128AFE3-81B5-41AD-B992-7F5348D0FD29}.Debug|Any CPU.Build.0 = Debug|Any CPU
		{1128AFE3-81B5-41AD-B992-7F5348D0FD29}.Release|Any CPU.ActiveCfg = Release|Any CPU
		{1128AFE3-81B5-41AD-B992-7F5348D0FD29}.Release|Any CPU.Build.0 = Release|Any CPU
	EndGlobalSection
	GlobalSection(SolutionProperties) = preSolution
		HideSolutionNode = FALSE
	EndGlobalSection
	GlobalSection(ExtensibilityGlobals) = postSolution
		SolutionGuid = {40401515-F873-4D5E-8317-E0352B340D7B}
	EndGlobalSection
EndGlobal
